
Microsoft Visual Studio Solution File, Format Version 12.00
# Visual Studio Version 16
VisualStudioVersion = 16.0.31911.196
MinimumVisualStudioVersion = 10.0.40219.1
Project("{FAE04EC0-301F-11D3-BF4B-00C04F79EFBC}") = "LopushokApp", "LopushokApp\LopushokApp.csproj", "{35ABBF3C-6D21-4491-977C-40C61D12A7E7}"
EndProject
Global
	GlobalSection(SolutionConfigurationPlatforms) = preSolution
		Debug|Any CPU = Debug|Any CPU
		Release|Any CPU = Release|Any CPU
	EndGlobalSection
	GlobalSection(ProjectConfigurationPlatforms) = postSolution
		{35ABBF3C-6D21-4491-977C-40C61D12A7E7}.Debug|Any CPU.ActiveCfg = Debug|Any CPU
		{35ABBF3C-6D21-4491-977C-40C61D12A7E7}.Debug|Any CPU.Build.0 = Debug|Any CPU
		{35ABBF3C-6D21-4491-977C-40C61D12A7E7}.Release|Any CPU.ActiveCfg = Release|Any CPU
		{35ABBF3C-6D21-4491-977C-40C61D12A7E7}.Release|Any CPU.Build.0 = Release|Any CPU
	EndGlobalSection
	GlobalSection(SolutionProperties) = preSolution
		HideSolutionNode = FALSE
	EndGlobalSection
	GlobalSection(ExtensibilityGlobals) = postSolution
		SolutionGuid = {8102B0FB-8911-41C6-87C5-70C9D2135054}
	EndGlobalSection
EndGlobal
